
Microsoft Visual Studio Solution File, Format Version 12.00
# Visual Studio Version 17
VisualStudioVersion = 17.9.34701.34
MinimumVisualStudioVersion = 10.0.40219.1
Project("{FAE04EC0-301F-11D3-BF4B-00C04F79EFBC}") = "Solution", "Solution\Solution.csproj", "{25B875B8-1650-4E84-BA4E-3D29FBF48708}"
EndProject
Global
	GlobalSection(SolutionConfigurationPlatforms) = preSolution
		Debug|Any CPU = Debug|Any CPU
		Release|Any CPU = Release|Any CPU
	EndGlobalSection
	GlobalSection(ProjectConfigurationPlatforms) = postSolution
		{25B875B8-1650-4E84-BA4E-3D29FBF48708}.Debug|Any CPU.ActiveCfg = Debug|Any CPU
		{25B875B8-1650-4E84-BA4E-3D29FBF48708}.Debug|Any CPU.Build.0 = Debug|Any CPU
		{25B875B8-1650-4E84-BA4E-3D29FBF48708}.Release|Any CPU.ActiveCfg = Release|Any CPU
		{25B875B8-1650-4E84-BA4E-3D29FBF48708}.Release|Any CPU.Build.0 = Release|Any CPU
	EndGlobalSection
	GlobalSection(SolutionProperties) = preSolution
		HideSolutionNode = FALSE
	EndGlobalSection
	GlobalSection(ExtensibilityGlobals) = postSolution
		SolutionGuid = {15DCB091-1708-4227-90B3-BF07BC248591}
	EndGlobalSection
EndGlobal
